
Microsoft Visual Studio Solution File, Format Version 12.00
# Visual Studio Version 17
VisualStudioVersion = 17.2.32630.192
MinimumVisualStudioVersion = 10.0.40219.1
Project("{FAE04EC0-301F-11D3-BF4B-00C04F79EFBC}") = "FirstwebappProject", "FirstwebappProject\FirstwebappProject.csproj", "{A6C33E7A-EDC8-4C22-A540-11C7613B7EE6}"
EndProject
Global
	GlobalSection(SolutionConfigurationPlatforms) = preSolution
		Debug|Any CPU = Debug|Any CPU
		Release|Any CPU = Release|Any CPU
	EndGlobalSection
	GlobalSection(ProjectConfigurationPlatforms) = postSolution
		{A6C33E7A-EDC8-4C22-A540-11C7613B7EE6}.Debug|Any CPU.ActiveCfg = Debug|Any CPU
		{A6C33E7A-EDC8-4C22-A540-11C7613B7EE6}.Debug|Any CPU.Build.0 = Debug|Any CPU
		{A6C33E7A-EDC8-4C22-A540-11C7613B7EE6}.Release|Any CPU.ActiveCfg = Release|Any CPU
		{A6C33E7A-EDC8-4C22-A540-11C7613B7EE6}.Release|Any CPU.Build.0 = Release|Any CPU
	EndGlobalSection
	GlobalSection(SolutionProperties) = preSolution
		HideSolutionNode = FALSE
	EndGlobalSection
	GlobalSection(ExtensibilityGlobals) = postSolution
		SolutionGuid = {E8629140-4811-4197-8DCF-0B64BFD0C54C}
	EndGlobalSection
EndGlobal
