
Microsoft Visual Studio Solution File, Format Version 12.00
# Visual Studio Version 17
VisualStudioVersion = 17.2.32630.192
MinimumVisualStudioVersion = 10.0.40219.1
Project("{FAE04EC0-301F-11D3-BF4B-00C04F79EFBC}") = "bankDB", "bankDB\bankDB.csproj", "{3A147861-4575-499A-9200-2C20442E544E}"
EndProject
Global
	GlobalSection(SolutionConfigurationPlatforms) = preSolution
		Debug|Any CPU = Debug|Any CPU
		Release|Any CPU = Release|Any CPU
	EndGlobalSection
	GlobalSection(ProjectConfigurationPlatforms) = postSolution
		{3A147861-4575-499A-9200-2C20442E544E}.Debug|Any CPU.ActiveCfg = Debug|Any CPU
		{3A147861-4575-499A-9200-2C20442E544E}.Debug|Any CPU.Build.0 = Debug|Any CPU
		{3A147861-4575-499A-9200-2C20442E544E}.Release|Any CPU.ActiveCfg = Release|Any CPU
		{3A147861-4575-499A-9200-2C20442E544E}.Release|Any CPU.Build.0 = Release|Any CPU
	EndGlobalSection
	GlobalSection(SolutionProperties) = preSolution
		HideSolutionNode = FALSE
	EndGlobalSection
	GlobalSection(ExtensibilityGlobals) = postSolution
		SolutionGuid = {740D456B-BFB6-4CA4-97AE-62ED1B58F4B5}
	EndGlobalSection
EndGlobal
