
Microsoft Visual Studio Solution File, Format Version 12.00
# Visual Studio Version 17
VisualStudioVersion = 17.2.32630.192
MinimumVisualStudioVersion = 10.0.40219.1
Project("{FAE04EC0-301F-11D3-BF4B-00C04F79EFBC}") = "arrayexample", "arrayexample\arrayexample.csproj", "{93E3E31C-2A20-4DDC-8DF4-E6D776AD6805}"
EndProject
Global
	GlobalSection(SolutionConfigurationPlatforms) = preSolution
		Debug|Any CPU = Debug|Any CPU
		Release|Any CPU = Release|Any CPU
	EndGlobalSection
	GlobalSection(ProjectConfigurationPlatforms) = postSolution
		{93E3E31C-2A20-4DDC-8DF4-E6D776AD6805}.Debug|Any CPU.ActiveCfg = Debug|Any CPU
		{93E3E31C-2A20-4DDC-8DF4-E6D776AD6805}.Debug|Any CPU.Build.0 = Debug|Any CPU
		{93E3E31C-2A20-4DDC-8DF4-E6D776AD6805}.Release|Any CPU.ActiveCfg = Release|Any CPU
		{93E3E31C-2A20-4DDC-8DF4-E6D776AD6805}.Release|Any CPU.Build.0 = Release|Any CPU
	EndGlobalSection
	GlobalSection(SolutionProperties) = preSolution
		HideSolutionNode = FALSE
	EndGlobalSection
	GlobalSection(ExtensibilityGlobals) = postSolution
		SolutionGuid = {56BDE05F-418F-487A-AE34-11A504D1A273}
	EndGlobalSection
EndGlobal
