
Microsoft Visual Studio Solution File, Format Version 12.00
# Visual Studio Version 17
VisualStudioVersion = 17.2.32630.192
MinimumVisualStudioVersion = 10.0.40219.1
Project("{FAE04EC0-301F-11D3-BF4B-00C04F79EFBC}") = "OnlineLearningLibrary", "OnlineLearningLibrary\OnlineLearningLibrary.csproj", "{125FDED1-393D-45AF-A68E-FA235D74CCBE}"
EndProject
Global
	GlobalSection(SolutionConfigurationPlatforms) = preSolution
		Debug|Any CPU = Debug|Any CPU
		Release|Any CPU = Release|Any CPU
	EndGlobalSection
	GlobalSection(ProjectConfigurationPlatforms) = postSolution
		{125FDED1-393D-45AF-A68E-FA235D74CCBE}.Debug|Any CPU.ActiveCfg = Debug|Any CPU
		{125FDED1-393D-45AF-A68E-FA235D74CCBE}.Debug|Any CPU.Build.0 = Debug|Any CPU
		{125FDED1-393D-45AF-A68E-FA235D74CCBE}.Release|Any CPU.ActiveCfg = Release|Any CPU
		{125FDED1-393D-45AF-A68E-FA235D74CCBE}.Release|Any CPU.Build.0 = Release|Any CPU
	EndGlobalSection
	GlobalSection(SolutionProperties) = preSolution
		HideSolutionNode = FALSE
	EndGlobalSection
	GlobalSection(ExtensibilityGlobals) = postSolution
		SolutionGuid = {98AAA9C8-CA52-43B2-B93A-32B5735831C9}
	EndGlobalSection
EndGlobal
