
Microsoft Visual Studio Solution File, Format Version 12.00
# Visual Studio Version 17
VisualStudioVersion = 17.2.32630.192
MinimumVisualStudioVersion = 10.0.40219.1
Project("{FAE04EC0-301F-11D3-BF4B-00C04F79EFBC}") = "SaveEmployeeAPI-intermicroservice", "SaveEmployeeAPI-intermicroservice\SaveEmployeeAPI-intermicroservice.csproj", "{E648E4C1-7C23-479D-B8AD-AB535E0EA230}"
EndProject
Global
	GlobalSection(SolutionConfigurationPlatforms) = preSolution
		Debug|Any CPU = Debug|Any CPU
		Release|Any CPU = Release|Any CPU
	EndGlobalSection
	GlobalSection(ProjectConfigurationPlatforms) = postSolution
		{E648E4C1-7C23-479D-B8AD-AB535E0EA230}.Debug|Any CPU.ActiveCfg = Debug|Any CPU
		{E648E4C1-7C23-479D-B8AD-AB535E0EA230}.Debug|Any CPU.Build.0 = Debug|Any CPU
		{E648E4C1-7C23-479D-B8AD-AB535E0EA230}.Release|Any CPU.ActiveCfg = Release|Any CPU
		{E648E4C1-7C23-479D-B8AD-AB535E0EA230}.Release|Any CPU.Build.0 = Release|Any CPU
	EndGlobalSection
	GlobalSection(SolutionProperties) = preSolution
		HideSolutionNode = FALSE
	EndGlobalSection
	GlobalSection(ExtensibilityGlobals) = postSolution
		SolutionGuid = {33F26823-9888-4426-9BE0-CC7E3755F3C4}
	EndGlobalSection
EndGlobal
