
Microsoft Visual Studio Solution File, Format Version 12.00
# Visual Studio Version 17
VisualStudioVersion = 17.2.32630.192
MinimumVisualStudioVersion = 10.0.40219.1
Project("{FAE04EC0-301F-11D3-BF4B-00C04F79EFBC}") = "jobsAPI", "jobsAPI\jobsAPI.csproj", "{52F79042-7323-4B87-A13A-AA3545A038B7}"
EndProject
Global
	GlobalSection(SolutionConfigurationPlatforms) = preSolution
		Debug|Any CPU = Debug|Any CPU
		Release|Any CPU = Release|Any CPU
	EndGlobalSection
	GlobalSection(ProjectConfigurationPlatforms) = postSolution
		{52F79042-7323-4B87-A13A-AA3545A038B7}.Debug|Any CPU.ActiveCfg = Debug|Any CPU
		{52F79042-7323-4B87-A13A-AA3545A038B7}.Debug|Any CPU.Build.0 = Debug|Any CPU
		{52F79042-7323-4B87-A13A-AA3545A038B7}.Release|Any CPU.ActiveCfg = Release|Any CPU
		{52F79042-7323-4B87-A13A-AA3545A038B7}.Release|Any CPU.Build.0 = Release|Any CPU
	EndGlobalSection
	GlobalSection(SolutionProperties) = preSolution
		HideSolutionNode = FALSE
	EndGlobalSection
	GlobalSection(ExtensibilityGlobals) = postSolution
		SolutionGuid = {2ACF058D-851D-4A81-9C02-345400763A1D}
	EndGlobalSection
EndGlobal
